
Microsoft Visual Studio Solution File, Format Version 12.00
# Visual Studio Version 17
VisualStudioVersion = 17.5.33502.453
MinimumVisualStudioVersion = 10.0.40219.1
Project("{FAE04EC0-301F-11D3-BF4B-00C04F79EFBC}") = "ConsoleApp1", "ConsoleApp1.csproj", "{FF680446-0C9F-4039-9836-2949C6A9DC6A}"
EndProject
Global
	GlobalSection(SolutionConfigurationPlatforms) = preSolution
		Debug|Any CPU = Debug|Any CPU
		Release|Any CPU = Release|Any CPU
	EndGlobalSection
	GlobalSection(ProjectConfigurationPlatforms) = postSolution
		{FF680446-0C9F-4039-9836-2949C6A9DC6A}.Debug|Any CPU.ActiveCfg = Debug|Any CPU
		{FF680446-0C9F-4039-9836-2949C6A9DC6A}.Debug|Any CPU.Build.0 = Debug|Any CPU
		{FF680446-0C9F-4039-9836-2949C6A9DC6A}.Release|Any CPU.ActiveCfg = Release|Any CPU
		{FF680446-0C9F-4039-9836-2949C6A9DC6A}.Release|Any CPU.Build.0 = Release|Any CPU
	EndGlobalSection
	GlobalSection(SolutionProperties) = preSolution
		HideSolutionNode = FALSE
	EndGlobalSection
	GlobalSection(ExtensibilityGlobals) = postSolution
		SolutionGuid = {2DF187C0-0840-49C7-AF28-76A530D6014C}
	EndGlobalSection
EndGlobal
